{
  "socketPath": "/tmp/mcp-MVfiLO/mcp.sock",
  "scheme": "unix",
  "headers": {
    "Authorization": "Nonce c053f1a6-726b-44eb-843c-41892df0e3b6"
  },
  "pid": 499711,
  "ideName": "Visual Studio Code",
  "timestamp": 1775262599331,
  "workspaceFolders": [
    "/teamspace/studios/this_studio"
  ],
  "isTrusted": true
}